
Microsoft Visual Studio Solution File, Format Version 12.00
# Visual Studio Version 16
VisualStudioVersion = 16.0.29709.97
MinimumVisualStudioVersion = 10.0.40219.1
Project("{9A19103F-16F7-4668-BE54-9A1E7A4F7556}") = "CoinValue", "CoinValue.csproj", "{FAF0F962-E548-4FC7-B95F-2A1EBE3A7C5B}"
EndProject
Global
	GlobalSection(SolutionConfigurationPlatforms) = preSolution
		Debug|Any CPU = Debug|Any CPU
		Release|Any CPU = Release|Any CPU
	EndGlobalSection
	GlobalSection(ProjectConfigurationPlatforms) = postSolution
		{FAF0F962-E548-4FC7-B95F-2A1EBE3A7C5B}.Debug|Any CPU.ActiveCfg = Debug|Any CPU
		{FAF0F962-E548-4FC7-B95F-2A1EBE3A7C5B}.Debug|Any CPU.Build.0 = Debug|Any CPU
		{FAF0F962-E548-4FC7-B95F-2A1EBE3A7C5B}.Release|Any CPU.ActiveCfg = Release|Any CPU
		{FAF0F962-E548-4FC7-B95F-2A1EBE3A7C5B}.Release|Any CPU.Build.0 = Release|Any CPU
	EndGlobalSection
	GlobalSection(SolutionProperties) = preSolution
		HideSolutionNode = FALSE
	EndGlobalSection
	GlobalSection(ExtensibilityGlobals) = postSolution
		SolutionGuid = {9B518E2C-7862-40F9-9876-DBD8F5ACC189}
	EndGlobalSection
EndGlobal
